
Microsoft Visual Studio Solution File, Format Version 12.00
# Visual Studio 14
VisualStudioVersion = 14.0.23107.0
MinimumVisualStudioVersion = 10.0.40219.1
Project("{FAE04EC0-301F-11D3-BF4B-00C04F79EFBC}") = "Bouffage2.Web", "Bouffage2\Bouffage2.Web.csproj", "{0E1A71CF-1BF9-4B95-92ED-4B1708B958CF}"
	ProjectSection(ProjectDependencies) = postProject
		{D09F3628-7634-4637-AEA7-C86D3981B879} = {D09F3628-7634-4637-AEA7-C86D3981B879}
	EndProjectSection
EndProject
Project("{FAE04EC0-301F-11D3-BF4B-00C04F79EFBC}") = "Bouffage.Data", "Bouffage.Data\Bouffage.Data.csproj", "{D09F3628-7634-4637-AEA7-C86D3981B879}"
EndProject
Global
	GlobalSection(SolutionConfigurationPlatforms) = preSolution
		Debug|Any CPU = Debug|Any CPU
		Release|Any CPU = Release|Any CPU
	EndGlobalSection
	GlobalSection(ProjectConfigurationPlatforms) = postSolution
		{0E1A71CF-1BF9-4B95-92ED-4B1708B958CF}.Debug|Any CPU.ActiveCfg = Debug|Any CPU
		{0E1A71CF-1BF9-4B95-92ED-4B1708B958CF}.Debug|Any CPU.Build.0 = Debug|Any CPU
		{0E1A71CF-1BF9-4B95-92ED-4B1708B958CF}.Release|Any CPU.ActiveCfg = Release|Any CPU
		{0E1A71CF-1BF9-4B95-92ED-4B1708B958CF}.Release|Any CPU.Build.0 = Release|Any CPU
		{D09F3628-7634-4637-AEA7-C86D3981B879}.Debug|Any CPU.ActiveCfg = Debug|Any CPU
		{D09F3628-7634-4637-AEA7-C86D3981B879}.Debug|Any CPU.Build.0 = Debug|Any CPU
		{D09F3628-7634-4637-AEA7-C86D3981B879}.Release|Any CPU.ActiveCfg = Release|Any CPU
		{D09F3628-7634-4637-AEA7-C86D3981B879}.Release|Any CPU.Build.0 = Release|Any CPU
	EndGlobalSection
	GlobalSection(SolutionProperties) = preSolution
		HideSolutionNode = FALSE
	EndGlobalSection
EndGlobal
